{
  "generated": "2026-04-30T20:54:44.860003+00:00",
  "files": {
    ".gitkeep": {
      "hash": "ef46db3751d8e999",
      "size": 0,
      "original_path": "out/.gitkeep",
      "ptr_file": ".gitkeep.ptr"
    },
    "qwen3_random_tokens.h5": {
      "hash": "e9f723cd1480fac5",
      "size": 4849901369,
      "original_path": "out/qwen3_random_tokens.h5",
      "ptr_file": "qwen3_random_tokens.h5.ptr"
    }
  }
}